
Microsoft Visual Studio Solution File, Format Version 12.00
# Visual Studio Version 16
VisualStudioVersion = 16.0.31205.134
MinimumVisualStudioVersion = 10.0.40219.1
Project("{9A19103F-16F7-4668-BE54-9A1E7A4F7556}") = "BibliotecaPeriodosAtras", "BibliotecaPeriodosAtras\BibliotecaPeriodosAtras.csproj", "{A827FEB9-B1E6-4E60-838F-795EC0E7D000}"
EndProject
Project("{9A19103F-16F7-4668-BE54-9A1E7A4F7556}") = "Teste", "Testes\Teste.csproj", "{F403C4F8-C9DF-4614-AE78-B121DB78D214}"
EndProject
Global
	GlobalSection(SolutionConfigurationPlatforms) = preSolution
		Debug|Any CPU = Debug|Any CPU
		Release|Any CPU = Release|Any CPU
	EndGlobalSection
	GlobalSection(ProjectConfigurationPlatforms) = postSolution
		{A827FEB9-B1E6-4E60-838F-795EC0E7D000}.Debug|Any CPU.ActiveCfg = Debug|Any CPU
		{A827FEB9-B1E6-4E60-838F-795EC0E7D000}.Debug|Any CPU.Build.0 = Debug|Any CPU
		{A827FEB9-B1E6-4E60-838F-795EC0E7D000}.Release|Any CPU.ActiveCfg = Release|Any CPU
		{A827FEB9-B1E6-4E60-838F-795EC0E7D000}.Release|Any CPU.Build.0 = Release|Any CPU
		{F403C4F8-C9DF-4614-AE78-B121DB78D214}.Debug|Any CPU.ActiveCfg = Debug|Any CPU
		{F403C4F8-C9DF-4614-AE78-B121DB78D214}.Debug|Any CPU.Build.0 = Debug|Any CPU
		{F403C4F8-C9DF-4614-AE78-B121DB78D214}.Release|Any CPU.ActiveCfg = Release|Any CPU
		{F403C4F8-C9DF-4614-AE78-B121DB78D214}.Release|Any CPU.Build.0 = Release|Any CPU
	EndGlobalSection
	GlobalSection(SolutionProperties) = preSolution
		HideSolutionNode = FALSE
	EndGlobalSection
	GlobalSection(ExtensibilityGlobals) = postSolution
		SolutionGuid = {F2AC9661-5E11-4BA9-9277-AE2F7C8F053C}
	EndGlobalSection
EndGlobal
